{
    "_readme": [
        "This file locks the dependencies of your project to a known state",
        "Read more about it at https://getcomposer.org/doc/01-basic-usage.md#installing-dependencies",
        "This file is @generated automatically"
    ],
    "content-hash": "d2d320cb2b9675db44ac47a5f1b9d84b",
    "packages": [
        {
            "name": "splitbrain/php-qrcode",
            "version": "0.1",
            "source": {
                "type": "git",
                "url": "https://github.com/splitbrain/php-qrcode.git",
                "reference": "c33506c5b7c1e71399da6fa917d69636cf37cb1f"
            },
            "dist": {
                "type": "zip",
                "url": "https://api.github.com/repos/splitbrain/php-qrcode/zipball/c33506c5b7c1e71399da6fa917d69636cf37cb1f",
                "reference": "c33506c5b7c1e71399da6fa917d69636cf37cb1f",
                "shasum": ""
            },
            "type": "library",
            "autoload": {
                "psr-4": {
                    "splitbrain\\phpQRCode\\": "src/"
                }
            },
            "notification-url": "https://packagist.org/downloads/",
            "license": [
                "MIT"
            ],
            "authors": [
                {
                    "name": "Andreas Gohr",
                    "email": "andi@splitbrain.org"
                }
            ],
            "description": "Minimalist SVG based QRCode Generator",
            "support": {
                "source": "https://github.com/splitbrain/php-qrcode/tree/0.1"
            },
            "time": "2022-03-10T16:01:17+00:00"
        }
    ],
    "packages-dev": [],
    "aliases": [],
    "minimum-stability": "stable",
    "stability-flags": [],
    "prefer-stable": false,
    "prefer-lowest": false,
    "platform": [],
    "platform-dev": [],
    "plugin-api-version": "2.6.0"
}
